{
  "name": "api",
  "version": "1.0.0",
  "lockfileVersion": 2,
  "requires": true,
  "packages": {
    "": {
      "name": "api",
      "version": "1.0.0",
      "license": "ISC",
      "dependencies": {
        "cookie-parser": "^1.4.6",
        "crypto": "^1.0.1"
      }
    },
    "node_modules/cookie": {
      "version": "0.4.1",
      "resolved": "https://registry.npmjs.org/cookie/-/cookie-0.4.1.tgz",
      "integrity": "sha512-ZwrFkGJxUR3EIoXtO+yVE69Eb7KlixbaeAWfBQB9vVsNn/o+Yw69gBWSSDK825hQNdN+wF8zELf3dFNl/kxkUA==",
      "engines": {
        "node": ">= 0.6"
      }
    },
    "node_modules/cookie-parser": {
      "version": "1.4.6",
      "resolved": "https://registry.npmjs.org/cookie-parser/-/cookie-parser-1.4.6.tgz",
      "integrity": "sha512-z3IzaNjdwUC2olLIB5/ITd0/setiaFMLYiZJle7xg5Fe9KWAceil7xszYfHHBtDFYLSgJduS2Ty0P1uJdPDJeA==",
      "dependencies": {
        "cookie": "0.4.1",
        "cookie-signature": "1.0.6"
      },
      "engines": {
        "node": ">= 0.8.0"
      }
    },
    "node_modules/cookie-signature": {
      "version": "1.0.6",
      "resolved": "https://registry.npmjs.org/cookie-signature/-/cookie-signature-1.0.6.tgz",
      "integrity": "sha1-4wOogrNCzD7oylE6eZmXNNqzriw="
    },
    "node_modules/crypto": {
      "version": "1.0.1",
      "resolved": "https://registry.npmjs.org/crypto/-/crypto-1.0.1.tgz",
      "integrity": "sha512-VxBKmeNcqQdiUQUW2Tzq0t377b54N2bMtXO/qiLa+6eRRmmC4qT3D4OnTGoT/U6O9aklQ/jTwbOtRMTTY8G0Ig==",
      "deprecated": "This package is no longer supported. It's now a built-in Node module. If you've depended on crypto, you should switch to the one that's built-in."
    }
  },
  "dependencies": {
    "cookie": {
      "version": "0.4.1",
      "resolved": "https://registry.npmjs.org/cookie/-/cookie-0.4.1.tgz",
      "integrity": "sha512-ZwrFkGJxUR3EIoXtO+yVE69Eb7KlixbaeAWfBQB9vVsNn/o+Yw69gBWSSDK825hQNdN+wF8zELf3dFNl/kxkUA=="
    },
    "cookie-parser": {
      "version": "1.4.6",
      "resolved": "https://registry.npmjs.org/cookie-parser/-/cookie-parser-1.4.6.tgz",
      "integrity": "sha512-z3IzaNjdwUC2olLIB5/ITd0/setiaFMLYiZJle7xg5Fe9KWAceil7xszYfHHBtDFYLSgJduS2Ty0P1uJdPDJeA==",
      "requires": {
        "cookie": "0.4.1",
        "cookie-signature": "1.0.6"
      }
    },
    "cookie-signature": {
      "version": "1.0.6",
      "resolved": "https://registry.npmjs.org/cookie-signature/-/cookie-signature-1.0.6.tgz",
      "integrity": "sha1-4wOogrNCzD7oylE6eZmXNNqzriw="
    },
    "crypto": {
      "version": "1.0.1",
      "resolved": "https://registry.npmjs.org/crypto/-/crypto-1.0.1.tgz",
      "integrity": "sha512-VxBKmeNcqQdiUQUW2Tzq0t377b54N2bMtXO/qiLa+6eRRmmC4qT3D4OnTGoT/U6O9aklQ/jTwbOtRMTTY8G0Ig=="
    }
  }
}
